
Microsoft Visual Studio Solution File, Format Version 12.00
# Visual Studio Version 17
VisualStudioVersion = 17.4.33103.184
MinimumVisualStudioVersion = 10.0.40219.1
Project("{FAE04EC0-301F-11D3-BF4B-00C04F79EFBC}") = "WindowsFormsApp1", "WindowsFormsApp1\WindowsFormsApp1.csproj", "{3F22CA19-CB5B-4C61-8B4B-992935F40E9A}"
EndProject
Global
	GlobalSection(SolutionConfigurationPlatforms) = preSolution
		Debug|Any CPU = Debug|Any CPU
		Release|Any CPU = Release|Any CPU
	EndGlobalSection
	GlobalSection(ProjectConfigurationPlatforms) = postSolution
		{3F22CA19-CB5B-4C61-8B4B-992935F40E9A}.Debug|Any CPU.ActiveCfg = Debug|Any CPU
		{3F22CA19-CB5B-4C61-8B4B-992935F40E9A}.Debug|Any CPU.Build.0 = Debug|Any CPU
		{3F22CA19-CB5B-4C61-8B4B-992935F40E9A}.Release|Any CPU.ActiveCfg = Release|Any CPU
		{3F22CA19-CB5B-4C61-8B4B-992935F40E9A}.Release|Any CPU.Build.0 = Release|Any CPU
	EndGlobalSection
	GlobalSection(SolutionProperties) = preSolution
		HideSolutionNode = FALSE
	EndGlobalSection
	GlobalSection(ExtensibilityGlobals) = postSolution
		SolutionGuid = {09B2E6E9-2915-46A4-8508-238CBAD525BB}
	EndGlobalSection
EndGlobal
