
Microsoft Visual Studio Solution File, Format Version 12.00
# Visual Studio Version 17
VisualStudioVersion = 17.3.32819.101
MinimumVisualStudioVersion = 10.0.40219.1
Project("{FAE04EC0-301F-11D3-BF4B-00C04F79EFBC}") = "WindowsFormsApp3", "WindowsFormsApp3\WindowsFormsApp3.csproj", "{1E7D3D1B-3183-4BF3-8EBF-D08BE6449D9C}"
EndProject
Global
	GlobalSection(SolutionConfigurationPlatforms) = preSolution
		Debug|Any CPU = Debug|Any CPU
		Release|Any CPU = Release|Any CPU
	EndGlobalSection
	GlobalSection(ProjectConfigurationPlatforms) = postSolution
		{1E7D3D1B-3183-4BF3-8EBF-D08BE6449D9C}.Debug|Any CPU.ActiveCfg = Debug|Any CPU
		{1E7D3D1B-3183-4BF3-8EBF-D08BE6449D9C}.Debug|Any CPU.Build.0 = Debug|Any CPU
		{1E7D3D1B-3183-4BF3-8EBF-D08BE6449D9C}.Release|Any CPU.ActiveCfg = Release|Any CPU
		{1E7D3D1B-3183-4BF3-8EBF-D08BE6449D9C}.Release|Any CPU.Build.0 = Release|Any CPU
	EndGlobalSection
	GlobalSection(SolutionProperties) = preSolution
		HideSolutionNode = FALSE
	EndGlobalSection
	GlobalSection(ExtensibilityGlobals) = postSolution
		SolutionGuid = {920EEE31-900E-4086-871C-05E30D2E7707}
	EndGlobalSection
EndGlobal
